# THIS IS AN AUTOGENERATED FILE. DO NOT EDIT THIS FILE DIRECTLY.
# yarn lockfile v1


moment-random@^1.1.0:
  version "1.1.0"
  resolved "https://registry.yarnpkg.com/moment-random/-/moment-random-1.1.0.tgz#4e82842f699d9ec606a662394cf39507b9c09739"
  integrity sha512-BKHOzlsNZ5H30SZWynnhXhwTgEwbhdKdeBGeOn7WTaMhIq4kzbJR7B2yL2ECiu21x7jPstdF57flfqkJ0Bql8A==

moment@^2.29.3:
  version "2.29.4"
  resolved "https://registry.yarnpkg.com/moment/-/moment-2.29.4.tgz#3dbe052889fe7c1b2ed966fcb3a77328964ef108"
  integrity sha512-5LC9SOxjSc2HF6vO2CyuTDNivEdoz2IvyJJGj6X8DJ0eFyfszE0QiEd+iXmBvUP3WHxSjFH/vIsA0EN00cgr8w==
